
Microsoft Visual Studio Solution File, Format Version 12.00
# Visual Studio Version 16
VisualStudioVersion = 16.0.31105.61
MinimumVisualStudioVersion = 10.0.40219.1
Project("{FAE04EC0-301F-11D3-BF4B-00C04F79EFBC}") = "ProjekatPrvaApp", "ProjekatPrvaApp.csproj", "{2955DA5F-D318-4BEE-83D6-FE0B3C243961}"
EndProject
Global
	GlobalSection(SolutionConfigurationPlatforms) = preSolution
		Debug|Any CPU = Debug|Any CPU
		Release|Any CPU = Release|Any CPU
	EndGlobalSection
	GlobalSection(ProjectConfigurationPlatforms) = postSolution
		{2955DA5F-D318-4BEE-83D6-FE0B3C243961}.Debug|Any CPU.ActiveCfg = Debug|Any CPU
		{2955DA5F-D318-4BEE-83D6-FE0B3C243961}.Debug|Any CPU.Build.0 = Debug|Any CPU
		{2955DA5F-D318-4BEE-83D6-FE0B3C243961}.Release|Any CPU.ActiveCfg = Release|Any CPU
		{2955DA5F-D318-4BEE-83D6-FE0B3C243961}.Release|Any CPU.Build.0 = Release|Any CPU
	EndGlobalSection
	GlobalSection(SolutionProperties) = preSolution
		HideSolutionNode = FALSE
	EndGlobalSection
	GlobalSection(ExtensibilityGlobals) = postSolution
		SolutionGuid = {F0CECEDF-7764-4CE4-A388-9CC9B8A2BFA2}
	EndGlobalSection
EndGlobal
